
Microsoft Visual Studio Solution File, Format Version 12.00
# Visual Studio Version 16
VisualStudioVersion = 16.0.32510.428
MinimumVisualStudioVersion = 10.0.40219.1
Project("{FAE04EC0-301F-11D3-BF4B-00C04F79EFBC}") = "Double_Linked_List_Algorithm", "Double_Linked_List_Algorithm\Double_Linked_List_Algorithm.csproj", "{C315A560-0387-4AA1-93E9-4768AD6F0E40}"
EndProject
Global
	GlobalSection(SolutionConfigurationPlatforms) = preSolution
		Debug|Any CPU = Debug|Any CPU
		Release|Any CPU = Release|Any CPU
	EndGlobalSection
	GlobalSection(ProjectConfigurationPlatforms) = postSolution
		{C315A560-0387-4AA1-93E9-4768AD6F0E40}.Debug|Any CPU.ActiveCfg = Debug|Any CPU
		{C315A560-0387-4AA1-93E9-4768AD6F0E40}.Debug|Any CPU.Build.0 = Debug|Any CPU
		{C315A560-0387-4AA1-93E9-4768AD6F0E40}.Release|Any CPU.ActiveCfg = Release|Any CPU
		{C315A560-0387-4AA1-93E9-4768AD6F0E40}.Release|Any CPU.Build.0 = Release|Any CPU
	EndGlobalSection
	GlobalSection(SolutionProperties) = preSolution
		HideSolutionNode = FALSE
	EndGlobalSection
	GlobalSection(ExtensibilityGlobals) = postSolution
		SolutionGuid = {894A87C1-1621-449F-AAA7-46AF2E0DA264}
	EndGlobalSection
EndGlobal
